
Microsoft Visual Studio Solution File, Format Version 12.00
Project("{FAE04EC0-301F-11D3-BF4B-00C04F79EFBC}") = "SMSMicroservice", "SMSMicroservice\SMSMicroservice.csproj", "{C5D40A1D-DF11-48E2-8AB3-5B0025659B2A}"
EndProject
Project("{FAE04EC0-301F-11D3-BF4B-00C04F79EFBC}") = "SMSMicroservice.Tests", "SMSMicroservice.Tests\SMSMicroservice.Tests.csproj", "{BA492C39-21C4-4EB5-AB89-C3D5264C625C}"
EndProject
Global
	GlobalSection(SolutionConfigurationPlatforms) = preSolution
		Debug|Any CPU = Debug|Any CPU
		Release|Any CPU = Release|Any CPU
	EndGlobalSection
	GlobalSection(ProjectConfigurationPlatforms) = postSolution
		{C5D40A1D-DF11-48E2-8AB3-5B0025659B2A}.Debug|Any CPU.ActiveCfg = Debug|Any CPU
		{C5D40A1D-DF11-48E2-8AB3-5B0025659B2A}.Debug|Any CPU.Build.0 = Debug|Any CPU
		{C5D40A1D-DF11-48E2-8AB3-5B0025659B2A}.Release|Any CPU.ActiveCfg = Release|Any CPU
		{C5D40A1D-DF11-48E2-8AB3-5B0025659B2A}.Release|Any CPU.Build.0 = Release|Any CPU
		{BA492C39-21C4-4EB5-AB89-C3D5264C625C}.Debug|Any CPU.ActiveCfg = Debug|Any CPU
		{BA492C39-21C4-4EB5-AB89-C3D5264C625C}.Debug|Any CPU.Build.0 = Debug|Any CPU
		{BA492C39-21C4-4EB5-AB89-C3D5264C625C}.Release|Any CPU.ActiveCfg = Release|Any CPU
		{BA492C39-21C4-4EB5-AB89-C3D5264C625C}.Release|Any CPU.Build.0 = Release|Any CPU
	EndGlobalSection
EndGlobal
